
Microsoft Visual Studio Solution File, Format Version 12.00
# Visual Studio 15
VisualStudioVersion = 15.0.26228.9
MinimumVisualStudioVersion = 10.0.40219.1
Project("{FAE04EC0-301F-11D3-BF4B-00C04F79EFBC}") = "HelloWorld.Grains", "HelloWorld.Grains\HelloWorld.Grains.csproj", "{79544D2C-B61D-4469-8193-576CBD32765A}"
EndProject
Project("{FAE04EC0-301F-11D3-BF4B-00C04F79EFBC}") = "HelloWorld.Interfaces", "HelloWorld.Interfaces\HelloWorld.Interfaces.csproj", "{945294D7-D7A7-4561-AD18-95EB29BACBD8}"
EndProject
Project("{FAE04EC0-301F-11D3-BF4B-00C04F79EFBC}") = "OrleansClient", "OrleansClient\OrleansClient.csproj", "{C8743F8F-38F0-47BD-B367-55E823981DD4}"
EndProject
Project("{FAE04EC0-301F-11D3-BF4B-00C04F79EFBC}") = "SiloHost", "SiloHost\SiloHost.csproj", "{457F7294-18FF-4280-B6E1-ADE2C9FF1175}"
EndProject
Global
	GlobalSection(SolutionConfigurationPlatforms) = preSolution
		Debug|Any CPU = Debug|Any CPU
		Release|Any CPU = Release|Any CPU
	EndGlobalSection
	GlobalSection(ProjectConfigurationPlatforms) = postSolution
		{79544D2C-B61D-4469-8193-576CBD32765A}.Debug|Any CPU.ActiveCfg = Debug|Any CPU
		{79544D2C-B61D-4469-8193-576CBD32765A}.Debug|Any CPU.Build.0 = Debug|Any CPU
		{79544D2C-B61D-4469-8193-576CBD32765A}.Release|Any CPU.ActiveCfg = Release|Any CPU
		{79544D2C-B61D-4469-8193-576CBD32765A}.Release|Any CPU.Build.0 = Release|Any CPU
		{945294D7-D7A7-4561-AD18-95EB29BACBD8}.Debug|Any CPU.ActiveCfg = Debug|Any CPU
		{945294D7-D7A7-4561-AD18-95EB29BACBD8}.Debug|Any CPU.Build.0 = Debug|Any CPU
		{945294D7-D7A7-4561-AD18-95EB29BACBD8}.Release|Any CPU.ActiveCfg = Release|Any CPU
		{945294D7-D7A7-4561-AD18-95EB29BACBD8}.Release|Any CPU.Build.0 = Release|Any CPU
		{C8743F8F-38F0-47BD-B367-55E823981DD4}.Debug|Any CPU.ActiveCfg = Debug|Any CPU
		{C8743F8F-38F0-47BD-B367-55E823981DD4}.Debug|Any CPU.Build.0 = Debug|Any CPU
		{C8743F8F-38F0-47BD-B367-55E823981DD4}.Release|Any CPU.ActiveCfg = Release|Any CPU
		{C8743F8F-38F0-47BD-B367-55E823981DD4}.Release|Any CPU.Build.0 = Release|Any CPU
		{457F7294-18FF-4280-B6E1-ADE2C9FF1175}.Debug|Any CPU.ActiveCfg = Debug|Any CPU
		{457F7294-18FF-4280-B6E1-ADE2C9FF1175}.Debug|Any CPU.Build.0 = Debug|Any CPU
		{457F7294-18FF-4280-B6E1-ADE2C9FF1175}.Release|Any CPU.ActiveCfg = Release|Any CPU
		{457F7294-18FF-4280-B6E1-ADE2C9FF1175}.Release|Any CPU.Build.0 = Release|Any CPU
	EndGlobalSection
	GlobalSection(SolutionProperties) = preSolution
		HideSolutionNode = FALSE
	EndGlobalSection
EndGlobal
