
Microsoft Visual Studio Solution File, Format Version 12.00
# Visual Studio 15
VisualStudioVersion = 15.0.27004.2005
MinimumVisualStudioVersion = 10.0.40219.1
Project("{FAE04EC0-301F-11D3-BF4B-00C04F79EFBC}") = "Silo", "Silo\Silo.csproj", "{DFA561B1-0D78-4F86-B901-4763D8D6DBC8}"
EndProject
Project("{FAE04EC0-301F-11D3-BF4B-00C04F79EFBC}") = "Client", "Client\Client.csproj", "{DF8E291A-7A4A-46BA-BC45-BF6F02FEE305}"
EndProject
Project("{FAE04EC0-301F-11D3-BF4B-00C04F79EFBC}") = "Grains", "Grains\Grains.csproj", "{2F09C09C-3C2E-46F6-8C7F-855F8F815C9D}"
EndProject
Project("{FAE04EC0-301F-11D3-BF4B-00C04F79EFBC}") = "Interfaces", "Interfaces\Interfaces.csproj", "{36FB95BD-3D0E-4578-B7EE-49B4A83D429B}"
EndProject
Global
	GlobalSection(SolutionConfigurationPlatforms) = preSolution
		Debug|Any CPU = Debug|Any CPU
		Release|Any CPU = Release|Any CPU
	EndGlobalSection
	GlobalSection(ProjectConfigurationPlatforms) = postSolution
		{DFA561B1-0D78-4F86-B901-4763D8D6DBC8}.Debug|Any CPU.ActiveCfg = Debug|Any CPU
		{DFA561B1-0D78-4F86-B901-4763D8D6DBC8}.Debug|Any CPU.Build.0 = Debug|Any CPU
		{DFA561B1-0D78-4F86-B901-4763D8D6DBC8}.Release|Any CPU.ActiveCfg = Release|Any CPU
		{DFA561B1-0D78-4F86-B901-4763D8D6DBC8}.Release|Any CPU.Build.0 = Release|Any CPU
		{DF8E291A-7A4A-46BA-BC45-BF6F02FEE305}.Debug|Any CPU.ActiveCfg = Debug|Any CPU
		{DF8E291A-7A4A-46BA-BC45-BF6F02FEE305}.Debug|Any CPU.Build.0 = Debug|Any CPU
		{DF8E291A-7A4A-46BA-BC45-BF6F02FEE305}.Release|Any CPU.ActiveCfg = Release|Any CPU
		{DF8E291A-7A4A-46BA-BC45-BF6F02FEE305}.Release|Any CPU.Build.0 = Release|Any CPU
		{2F09C09C-3C2E-46F6-8C7F-855F8F815C9D}.Debug|Any CPU.ActiveCfg = Debug|Any CPU
		{2F09C09C-3C2E-46F6-8C7F-855F8F815C9D}.Debug|Any CPU.Build.0 = Debug|Any CPU
		{2F09C09C-3C2E-46F6-8C7F-855F8F815C9D}.Release|Any CPU.ActiveCfg = Release|Any CPU
		{2F09C09C-3C2E-46F6-8C7F-855F8F815C9D}.Release|Any CPU.Build.0 = Release|Any CPU
		{36FB95BD-3D0E-4578-B7EE-49B4A83D429B}.Debug|Any CPU.ActiveCfg = Debug|Any CPU
		{36FB95BD-3D0E-4578-B7EE-49B4A83D429B}.Debug|Any CPU.Build.0 = Debug|Any CPU
		{36FB95BD-3D0E-4578-B7EE-49B4A83D429B}.Release|Any CPU.ActiveCfg = Release|Any CPU
		{36FB95BD-3D0E-4578-B7EE-49B4A83D429B}.Release|Any CPU.Build.0 = Release|Any CPU
	EndGlobalSection
	GlobalSection(SolutionProperties) = preSolution
		HideSolutionNode = FALSE
	EndGlobalSection
	GlobalSection(ExtensibilityGlobals) = postSolution
		SolutionGuid = {818E9B94-37AD-4A61-94A4-BEC362167A22}
	EndGlobalSection
EndGlobal
