
Microsoft Visual Studio Solution File, Format Version 12.00
# Visual Studio 15
VisualStudioVersion = 15.0.27703.2042
MinimumVisualStudioVersion = 10.0.40219.1
Project("{FAE04EC0-301F-11D3-BF4B-00C04F79EFBC}") = "Client", "Client\Client.csproj", "{C0662481-3390-41EF-912F-4D0A30C14E49}"
EndProject
Project("{FAE04EC0-301F-11D3-BF4B-00C04F79EFBC}") = "Silo", "Silo\Silo.csproj", "{63FA1122-29ED-4529-B61A-8DAACF2D39CD}"
EndProject
Project("{FAE04EC0-301F-11D3-BF4B-00C04F79EFBC}") = "Grains", "Grains\Grains.csproj", "{2CAD231B-1059-439A-9C4E-9C3F2940E69D}"
EndProject
Project("{FAE04EC0-301F-11D3-BF4B-00C04F79EFBC}") = "Interfaces", "Interfaces\Interfaces.csproj", "{71DCFAF7-2FB6-4E02-B536-351BD55BE00D}"
EndProject
Global
	GlobalSection(SolutionConfigurationPlatforms) = preSolution
		Debug|Any CPU = Debug|Any CPU
		Release|Any CPU = Release|Any CPU
	EndGlobalSection
	GlobalSection(ProjectConfigurationPlatforms) = postSolution
		{C0662481-3390-41EF-912F-4D0A30C14E49}.Debug|Any CPU.ActiveCfg = Debug|Any CPU
		{C0662481-3390-41EF-912F-4D0A30C14E49}.Debug|Any CPU.Build.0 = Debug|Any CPU
		{C0662481-3390-41EF-912F-4D0A30C14E49}.Release|Any CPU.ActiveCfg = Release|Any CPU
		{C0662481-3390-41EF-912F-4D0A30C14E49}.Release|Any CPU.Build.0 = Release|Any CPU
		{63FA1122-29ED-4529-B61A-8DAACF2D39CD}.Debug|Any CPU.ActiveCfg = Debug|Any CPU
		{63FA1122-29ED-4529-B61A-8DAACF2D39CD}.Debug|Any CPU.Build.0 = Debug|Any CPU
		{63FA1122-29ED-4529-B61A-8DAACF2D39CD}.Release|Any CPU.ActiveCfg = Release|Any CPU
		{63FA1122-29ED-4529-B61A-8DAACF2D39CD}.Release|Any CPU.Build.0 = Release|Any CPU
		{2CAD231B-1059-439A-9C4E-9C3F2940E69D}.Debug|Any CPU.ActiveCfg = Debug|Any CPU
		{2CAD231B-1059-439A-9C4E-9C3F2940E69D}.Debug|Any CPU.Build.0 = Debug|Any CPU
		{2CAD231B-1059-439A-9C4E-9C3F2940E69D}.Release|Any CPU.ActiveCfg = Release|Any CPU
		{2CAD231B-1059-439A-9C4E-9C3F2940E69D}.Release|Any CPU.Build.0 = Release|Any CPU
		{71DCFAF7-2FB6-4E02-B536-351BD55BE00D}.Debug|Any CPU.ActiveCfg = Debug|Any CPU
		{71DCFAF7-2FB6-4E02-B536-351BD55BE00D}.Debug|Any CPU.Build.0 = Debug|Any CPU
		{71DCFAF7-2FB6-4E02-B536-351BD55BE00D}.Release|Any CPU.ActiveCfg = Release|Any CPU
		{71DCFAF7-2FB6-4E02-B536-351BD55BE00D}.Release|Any CPU.Build.0 = Release|Any CPU
	EndGlobalSection
	GlobalSection(SolutionProperties) = preSolution
		HideSolutionNode = FALSE
	EndGlobalSection
	GlobalSection(ExtensibilityGlobals) = postSolution
		SolutionGuid = {755C8A2A-77F4-421A-AE06-91C647A4CFC4}
	EndGlobalSection
EndGlobal
