
Microsoft Visual Studio Solution File, Format Version 12.00
# Visual Studio 15
VisualStudioVersion = 15.0.26430.15
MinimumVisualStudioVersion = 10.0.40219.1
Project("{FAE04EC0-301F-11D3-BF4B-00C04F79EFBC}") = "WebAPI", "WebAPI\WebAPI.csproj", "{541716B0-DB3A-472A-B1BD-22E24639D5FD}"
EndProject
Global
	GlobalSection(SolutionConfigurationPlatforms) = preSolution
		Debug|Any CPU = Debug|Any CPU
		Release|Any CPU = Release|Any CPU
	EndGlobalSection
	GlobalSection(ProjectConfigurationPlatforms) = postSolution
		{541716B0-DB3A-472A-B1BD-22E24639D5FD}.Debug|Any CPU.ActiveCfg = Debug|Any CPU
		{541716B0-DB3A-472A-B1BD-22E24639D5FD}.Debug|Any CPU.Build.0 = Debug|Any CPU
		{541716B0-DB3A-472A-B1BD-22E24639D5FD}.Release|Any CPU.ActiveCfg = Release|Any CPU
		{541716B0-DB3A-472A-B1BD-22E24639D5FD}.Release|Any CPU.Build.0 = Release|Any CPU
	EndGlobalSection
	GlobalSection(SolutionProperties) = preSolution
		HideSolutionNode = FALSE
	EndGlobalSection
EndGlobal
