
Microsoft Visual Studio Solution File, Format Version 12.00
# Visual Studio 15
VisualStudioVersion = 15.0.27703.2042
MinimumVisualStudioVersion = 10.0.40219.1
Project("{FAE04EC0-301F-11D3-BF4B-00C04F79EFBC}") = "Client", "Client\Client.csproj", "{24F67B31-5A47-430A-A00B-558F0F737C2A}"
EndProject
Project("{FAE04EC0-301F-11D3-BF4B-00C04F79EFBC}") = "ClientB", "ClientB\ClientB.csproj", "{649AEED2-715B-499B-81C8-00562FAEAC47}"
EndProject
Project("{FAE04EC0-301F-11D3-BF4B-00C04F79EFBC}") = "Grains", "Grains\Grains.csproj", "{9C2B362D-43AC-463B-B46B-18FBCE6832A1}"
EndProject
Project("{FAE04EC0-301F-11D3-BF4B-00C04F79EFBC}") = "Interfaces", "Interfaces\Interfaces.csproj", "{53E2A06F-1613-49A3-AF7F-2AD0A838D344}"
EndProject
Project("{FAE04EC0-301F-11D3-BF4B-00C04F79EFBC}") = "Silo", "Silo\Silo.csproj", "{8CC64A76-B199-4CF2-80D1-546954436AB6}"
EndProject
Global
	GlobalSection(SolutionConfigurationPlatforms) = preSolution
		Debug|Any CPU = Debug|Any CPU
		Release|Any CPU = Release|Any CPU
	EndGlobalSection
	GlobalSection(ProjectConfigurationPlatforms) = postSolution
		{24F67B31-5A47-430A-A00B-558F0F737C2A}.Debug|Any CPU.ActiveCfg = Debug|Any CPU
		{24F67B31-5A47-430A-A00B-558F0F737C2A}.Debug|Any CPU.Build.0 = Debug|Any CPU
		{24F67B31-5A47-430A-A00B-558F0F737C2A}.Release|Any CPU.ActiveCfg = Release|Any CPU
		{24F67B31-5A47-430A-A00B-558F0F737C2A}.Release|Any CPU.Build.0 = Release|Any CPU
		{649AEED2-715B-499B-81C8-00562FAEAC47}.Debug|Any CPU.ActiveCfg = Debug|Any CPU
		{649AEED2-715B-499B-81C8-00562FAEAC47}.Debug|Any CPU.Build.0 = Debug|Any CPU
		{649AEED2-715B-499B-81C8-00562FAEAC47}.Release|Any CPU.ActiveCfg = Release|Any CPU
		{649AEED2-715B-499B-81C8-00562FAEAC47}.Release|Any CPU.Build.0 = Release|Any CPU
		{9C2B362D-43AC-463B-B46B-18FBCE6832A1}.Debug|Any CPU.ActiveCfg = Debug|Any CPU
		{9C2B362D-43AC-463B-B46B-18FBCE6832A1}.Debug|Any CPU.Build.0 = Debug|Any CPU
		{9C2B362D-43AC-463B-B46B-18FBCE6832A1}.Release|Any CPU.ActiveCfg = Release|Any CPU
		{9C2B362D-43AC-463B-B46B-18FBCE6832A1}.Release|Any CPU.Build.0 = Release|Any CPU
		{53E2A06F-1613-49A3-AF7F-2AD0A838D344}.Debug|Any CPU.ActiveCfg = Debug|Any CPU
		{53E2A06F-1613-49A3-AF7F-2AD0A838D344}.Debug|Any CPU.Build.0 = Debug|Any CPU
		{53E2A06F-1613-49A3-AF7F-2AD0A838D344}.Release|Any CPU.ActiveCfg = Release|Any CPU
		{53E2A06F-1613-49A3-AF7F-2AD0A838D344}.Release|Any CPU.Build.0 = Release|Any CPU
		{8CC64A76-B199-4CF2-80D1-546954436AB6}.Debug|Any CPU.ActiveCfg = Debug|Any CPU
		{8CC64A76-B199-4CF2-80D1-546954436AB6}.Debug|Any CPU.Build.0 = Debug|Any CPU
		{8CC64A76-B199-4CF2-80D1-546954436AB6}.Release|Any CPU.ActiveCfg = Release|Any CPU
		{8CC64A76-B199-4CF2-80D1-546954436AB6}.Release|Any CPU.Build.0 = Release|Any CPU
	EndGlobalSection
	GlobalSection(SolutionProperties) = preSolution
		HideSolutionNode = FALSE
	EndGlobalSection
	GlobalSection(ExtensibilityGlobals) = postSolution
		SolutionGuid = {4E4DFB3C-B7A4-45F0-95B3-A32EA76FA1E9}
	EndGlobalSection
EndGlobal
