
Microsoft Visual Studio Solution File, Format Version 12.00
# Visual Studio 15
VisualStudioVersion = 15.0.26228.9
MinimumVisualStudioVersion = 10.0.40219.1
Project("{FAE04EC0-301F-11D3-BF4B-00C04F79EFBC}") = "Actors.Grains", "Actors.Grains\Actors.Grains.csproj", "{2A76DD32-4509-4EE2-BC46-FCE3ECB8E6B4}"
EndProject
Project("{FAE04EC0-301F-11D3-BF4B-00C04F79EFBC}") = "Actors.Interfaces", "Actors.Interfaces\Actors.Interfaces.csproj", "{4E8A041C-76E1-4994-9A95-F0E3FD52A319}"
EndProject
Project("{FAE04EC0-301F-11D3-BF4B-00C04F79EFBC}") = "Actors.Client", "Actors.Client\Actors.Client.csproj", "{BD66DA9C-7648-4257-A1E5-9F9997357699}"
EndProject
Project("{FAE04EC0-301F-11D3-BF4B-00C04F79EFBC}") = "Actors.Host", "Actors.Host\Actors.Host.csproj", "{56823D4F-E943-4A7D-BB3A-90EC31F9BBB3}"
EndProject
Global
	GlobalSection(SolutionConfigurationPlatforms) = preSolution
		Debug|Any CPU = Debug|Any CPU
		Release|Any CPU = Release|Any CPU
	EndGlobalSection
	GlobalSection(ProjectConfigurationPlatforms) = postSolution
		{2A76DD32-4509-4EE2-BC46-FCE3ECB8E6B4}.Debug|Any CPU.ActiveCfg = Debug|Any CPU
		{2A76DD32-4509-4EE2-BC46-FCE3ECB8E6B4}.Debug|Any CPU.Build.0 = Debug|Any CPU
		{2A76DD32-4509-4EE2-BC46-FCE3ECB8E6B4}.Release|Any CPU.ActiveCfg = Release|Any CPU
		{2A76DD32-4509-4EE2-BC46-FCE3ECB8E6B4}.Release|Any CPU.Build.0 = Release|Any CPU
		{4E8A041C-76E1-4994-9A95-F0E3FD52A319}.Debug|Any CPU.ActiveCfg = Debug|Any CPU
		{4E8A041C-76E1-4994-9A95-F0E3FD52A319}.Debug|Any CPU.Build.0 = Debug|Any CPU
		{4E8A041C-76E1-4994-9A95-F0E3FD52A319}.Release|Any CPU.ActiveCfg = Release|Any CPU
		{4E8A041C-76E1-4994-9A95-F0E3FD52A319}.Release|Any CPU.Build.0 = Release|Any CPU
		{BD66DA9C-7648-4257-A1E5-9F9997357699}.Debug|Any CPU.ActiveCfg = Debug|Any CPU
		{BD66DA9C-7648-4257-A1E5-9F9997357699}.Debug|Any CPU.Build.0 = Debug|Any CPU
		{BD66DA9C-7648-4257-A1E5-9F9997357699}.Release|Any CPU.ActiveCfg = Release|Any CPU
		{BD66DA9C-7648-4257-A1E5-9F9997357699}.Release|Any CPU.Build.0 = Release|Any CPU
		{56823D4F-E943-4A7D-BB3A-90EC31F9BBB3}.Debug|Any CPU.ActiveCfg = Debug|Any CPU
		{56823D4F-E943-4A7D-BB3A-90EC31F9BBB3}.Debug|Any CPU.Build.0 = Debug|Any CPU
		{56823D4F-E943-4A7D-BB3A-90EC31F9BBB3}.Release|Any CPU.ActiveCfg = Release|Any CPU
		{56823D4F-E943-4A7D-BB3A-90EC31F9BBB3}.Release|Any CPU.Build.0 = Release|Any CPU
	EndGlobalSection
	GlobalSection(SolutionProperties) = preSolution
		HideSolutionNode = FALSE
	EndGlobalSection
EndGlobal
